
Microsoft Visual Studio Solution File, Format Version 12.00
# Visual Studio 2013
VisualStudioVersion = 12.0.30723.0
MinimumVisualStudioVersion = 10.0.40219.1
Project("{2150E333-8FDC-42A3-9474-1A3956D46DE8}") = "Solution Items", "Solution Items", "{2E69AA72-1C0F-405E-A87E-C485CD849E8B}"
	ProjectSection(SolutionItems) = preProject
		_config.yml = _config.yml
		about.md = about.md
		archive.md = archive.md
		atom.xml = atom.xml
		CNAME = CNAME
		index.html = index.html
		LICENSE.md = LICENSE.md
		README.md = README.md
	EndProjectSection
EndProject
Project("{2150E333-8FDC-42A3-9474-1A3956D46DE8}") = "_includes", "_includes", "{3C21458B-E674-47AF-BAC0-23DBE7248E7A}"
	ProjectSection(SolutionItems) = preProject
		_includes\head.html = _includes\head.html
		_includes\sidebar.html = _includes\sidebar.html
	EndProjectSection
EndProject
Project("{2150E333-8FDC-42A3-9474-1A3956D46DE8}") = "_layouts", "_layouts", "{F2B91918-DB62-429B-AA09-5D07F0654E5F}"
	ProjectSection(SolutionItems) = preProject
		_layouts\default.html = _layouts\default.html
		_layouts\page.html = _layouts\page.html
		_layouts\post.html = _layouts\post.html
	EndProjectSection
EndProject
Project("{2150E333-8FDC-42A3-9474-1A3956D46DE8}") = "_posts", "_posts", "{F4BC4D7F-2B23-4D8F-A3AB-F069654F4108}"
EndProject
Project("{2150E333-8FDC-42A3-9474-1A3956D46DE8}") = "public", "public", "{65E38029-39E8-4E33-B865-46538F01582B}"
	ProjectSection(SolutionItems) = preProject
		public\apple-touch-icon-144-precomposed.png = public\apple-touch-icon-144-precomposed.png
		public\favicon.ico = public\favicon.ico
	EndProjectSection
EndProject
Project("{2150E333-8FDC-42A3-9474-1A3956D46DE8}") = "css", "css", "{E6285881-77F0-49D7-919C-AA5C7DEFF27D}"
	ProjectSection(SolutionItems) = preProject
		public\css\hyde.css = public\css\hyde.css
		public\css\poole.css = public\css\poole.css
		public\css\syntax.css = public\css\syntax.css
		public\css\tips.css = public\css\tips.css
	EndProjectSection
EndProject
Project("{2150E333-8FDC-42A3-9474-1A3956D46DE8}") = "code", "code", "{B6C1F35E-313A-4ADC-A52E-84FFCAC078FB}"
	ProjectSection(SolutionItems) = preProject
		code\2013-04-29-Option-Operators.fsx = code\2013-04-29-Option-Operators.fsx
		code\2014-07-20-Handling-constant-type-unsupported-in-type-providers.fsx = code\2014-07-20-Handling-constant-type-unsupported-in-type-providers.fsx
		code\post-template.html = code\post-template.html
	EndProjectSection
EndProject
Project("{2150E333-8FDC-42A3-9474-1A3956D46DE8}") = "js", "js", "{9C51350A-C836-4D7E-BB3E-B4D25DB662BA}"
	ProjectSection(SolutionItems) = preProject
		public\js\tips.js = public\js\tips.js
	EndProjectSection
EndProject
Project("{2150E333-8FDC-42A3-9474-1A3956D46DE8}") = "libs", "libs", "{8F07ABF3-6548-4EF4-9206-36C57B765F95}"
	ProjectSection(SolutionItems) = preProject
		code\libs\ProvidedTypes.fs = code\libs\ProvidedTypes.fs
		code\libs\ProvidedTypes.fsi = code\libs\ProvidedTypes.fsi
	EndProjectSection
EndProject
Global
	GlobalSection(SolutionProperties) = preSolution
		HideSolutionNode = FALSE
	EndGlobalSection
	GlobalSection(NestedProjects) = preSolution
		{E6285881-77F0-49D7-919C-AA5C7DEFF27D} = {65E38029-39E8-4E33-B865-46538F01582B}
		{9C51350A-C836-4D7E-BB3E-B4D25DB662BA} = {65E38029-39E8-4E33-B865-46538F01582B}
		{8F07ABF3-6548-4EF4-9206-36C57B765F95} = {B6C1F35E-313A-4ADC-A52E-84FFCAC078FB}
	EndGlobalSection
EndGlobal
